// !$*UTF8*$!
{
	archiveVersion = 1;
	classes = {
	};
	objectVersion = 70;
	objects = {

/* Begin PBXBuildFile section */
		BB21E9D52938ACB600EDEDFA /* SharedData in Frameworks */ = {isa = PBXBuildFile; productRef = BB21E9D42938ACB600EDEDFA /* SharedData */; };
		BB21E9D72938ACBA00EDEDFA /* Utils in Frameworks */ = {isa = PBXBuildFile; productRef = BB21E9D62938ACBA00EDEDFA /* Utils */; };
		BB228327290843140065C980 /* FeatureExample in Frameworks */ = {isa = PBXBuildFile; productRef = BB228326290843140065C980 /* FeatureExample */; };
		BB947E052907E16500A57B65 /* FeatureOnboarding in Frameworks */ = {isa = PBXBuildFile; productRef = BB947E042907E16500A57B65 /* FeatureOnboarding */; };
		BB947E092907EF5200A57B65 /* FeatureLogin in Frameworks */ = {isa = PBXBuildFile; productRef = BB947E082907EF5200A57B65 /* FeatureLogin */; };
		BB9AC8A1292F6CB9006F8CB6 /* SharedDomain in Frameworks */ = {isa = PBXBuildFile; productRef = BB9AC8A0292F6CB9006F8CB6 /* SharedDomain */; };
		BB9AC8A3292F6CB9006F8CB6 /* SharedUI in Frameworks */ = {isa = PBXBuildFile; productRef = BB9AC8A2292F6CB9006F8CB6 /* SharedUI */; };
		BBC5954E2908235300BFB955 /* FeatureUserProfile in Frameworks */ = {isa = PBXBuildFile; productRef = BBC5954D2908235300BFB955 /* FeatureUserProfile */; };
		BBC82052293CF95D0050BFB4 /* swiftgen.yml in Resources */ = {isa = PBXBuildFile; fileRef = BBC82051293CF95D0050BFB4 /* swiftgen.yml */; };
		BBD1B727296335C20013A5D7 /* FirebaseAnalytics in Frameworks */ = {isa = PBXBuildFile; productRef = BBD1B726296335C20013A5D7 /* FirebaseAnalytics */; };
/* End PBXBuildFile section */

/* Begin PBXFileReference section */
		BB21E9D32938A46D00EDEDFA /* Utils */ = {isa = PBXFileReference; lastKnownFileType = wrapper; path = Utils; sourceTree = "<group>"; };
		BB228325290840510065C980 /* FeatureExample */ = {isa = PBXFileReference; lastKnownFileType = wrapper; path = FeatureExample; sourceTree = "<group>"; };
		BB4F0DAC2906B2D900252E50 /* SharedData */ = {isa = PBXFileReference; lastKnownFileType = wrapper; path = SharedData; sourceTree = "<group>"; };
		BB4F0DAE2906B2DF00252E50 /* SharedUI */ = {isa = PBXFileReference; lastKnownFileType = wrapper; path = SharedUI; sourceTree = "<group>"; };
		BB60E0FB293DE4A30013A0FE /* Sourcery */ = {isa = PBXFileReference; lastKnownFileType = folder; path = Sourcery; sourceTree = "<group>"; };
		BB6A77E52E3656270033C397 /* SharedDomain */ = {isa = PBXFileReference; lastKnownFileType = wrapper; path = SharedDomain; sourceTree = "<group>"; };
		BB947E032907E0B000A57B65 /* FeatureOnboarding */ = {isa = PBXFileReference; lastKnownFileType = wrapper; path = FeatureOnboarding; sourceTree = "<group>"; };
		BBADE3642902846B00E8AC86 /* App.app */ = {isa = PBXFileReference; explicitFileType = wrapper.application; includeInIndex = 0; path = App.app; sourceTree = BUILT_PRODUCTS_DIR; };
		BBC5954C290817F300BFB955 /* FeatureUserProfile */ = {isa = PBXFileReference; lastKnownFileType = wrapper; path = FeatureUserProfile; sourceTree = "<group>"; };
		BBC82051293CF95D0050BFB4 /* swiftgen.yml */ = {isa = PBXFileReference; fileEncoding = 4; lastKnownFileType = text.yaml; path = swiftgen.yml; sourceTree = "<group>"; };
		BBDDE8132907E07B00A323C2 /* FeatureLogin */ = {isa = PBXFileReference; lastKnownFileType = wrapper; path = FeatureLogin; sourceTree = "<group>"; };
/* End PBXFileReference section */

/* Begin PBXFileSystemSynchronizedBuildFileExceptionSet section */
		BB0AD02E2E3635790067023B /* PBXFileSystemSynchronizedBuildFileExceptionSet */ = {
			isa = PBXFileSystemSynchronizedBuildFileExceptionSet;
			membershipExceptions = (
				Info.plist,
			);
			target = BBADE3632902846B00E8AC86 /* App */;
		};
/* End PBXFileSystemSynchronizedBuildFileExceptionSet section */

/* Begin PBXFileSystemSynchronizedRootGroup section */
		BBAAA7062E362714002382EC /* SampleApp */ = {isa = PBXFileSystemSynchronizedRootGroup; exceptions = (BB0AD02E2E3635790067023B /* PBXFileSystemSynchronizedBuildFileExceptionSet */, ); explicitFileTypes = {}; explicitFolders = (); path = SampleApp; sourceTree = "<group>"; };
/* End PBXFileSystemSynchronizedRootGroup section */

/* Begin PBXFrameworksBuildPhase section */
		BBADE3612902846B00E8AC86 /* Frameworks */ = {
			isa = PBXFrameworksBuildPhase;
			buildActionMask = 2147483647;
			files = (
				BB21E9D72938ACBA00EDEDFA /* Utils in Frameworks */,
				BB947E052907E16500A57B65 /* FeatureOnboarding in Frameworks */,
				BBC5954E2908235300BFB955 /* FeatureUserProfile in Frameworks */,
				BB9AC8A3292F6CB9006F8CB6 /* SharedUI in Frameworks */,
				BB228327290843140065C980 /* FeatureExample in Frameworks */,
				BB947E092907EF5200A57B65 /* FeatureLogin in Frameworks */,
				BB21E9D52938ACB600EDEDFA /* SharedData in Frameworks */,
				BB9AC8A1292F6CB9006F8CB6 /* SharedDomain in Frameworks */,
				BBD1B727296335C20013A5D7 /* FirebaseAnalytics in Frameworks */,
			);
			runOnlyForDeploymentPostprocessing = 0;
		};
/* End PBXFrameworksBuildPhase section */

/* Begin PBXGroup section */
		BBADE35B2902846B00E8AC86 = {
			isa = PBXGroup;
			children = (
				BBAAA7062E362714002382EC /* SampleApp */,
				BB21E9D32938A46D00EDEDFA /* Utils */,
				BB4F0DAC2906B2D900252E50 /* SharedData */,
				BB6A77E52E3656270033C397 /* SharedDomain */,
				BB4F0DAE2906B2DF00252E50 /* SharedUI */,
				BB947E032907E0B000A57B65 /* FeatureOnboarding */,
				BB228325290840510065C980 /* FeatureExample */,
				BBDDE8132907E07B00A323C2 /* FeatureLogin */,
				BBC5954C290817F300BFB955 /* FeatureUserProfile */,
				BBADE3652902846B00E8AC86 /* Products */,
				BBADE3782902868700E8AC86 /* Frameworks */,
				BB60E0FB293DE4A30013A0FE /* Sourcery */,
				BBC82051293CF95D0050BFB4 /* swiftgen.yml */,
			);
			sourceTree = "<group>";
		};
		BBADE3652902846B00E8AC86 /* Products */ = {
			isa = PBXGroup;
			children = (
				BBADE3642902846B00E8AC86 /* App.app */,
			);
			name = Products;
			sourceTree = "<group>";
		};
		BBADE3782902868700E8AC86 /* Frameworks */ = {
			isa = PBXGroup;
			children = (
			);
			name = Frameworks;
			sourceTree = "<group>";
		};
/* End PBXGroup section */

/* Begin PBXNativeTarget section */
		BBADE3632902846B00E8AC86 /* App */ = {
			isa = PBXNativeTarget;
			buildConfigurationList = BBADE3722902846C00E8AC86 /* Build configuration list for PBXNativeTarget "App" */;
			buildPhases = (
				BBADE3602902846B00E8AC86 /* Sources */,
				BBADE3612902846B00E8AC86 /* Frameworks */,
				BBADE3622902846B00E8AC86 /* Resources */,
			);
			buildRules = (
			);
			dependencies = (
			);
			fileSystemSynchronizedGroups = (
				BBAAA7062E362714002382EC /* SampleApp */,
			);
			name = App;
			packageProductDependencies = (
				BB947E042907E16500A57B65 /* FeatureOnboarding */,
				BB947E082907EF5200A57B65 /* FeatureLogin */,
				BBC5954D2908235300BFB955 /* FeatureUserProfile */,
				BB228326290843140065C980 /* FeatureExample */,
				BB9AC8A0292F6CB9006F8CB6 /* SharedDomain */,
				BB9AC8A2292F6CB9006F8CB6 /* SharedUI */,
				BB21E9D42938ACB600EDEDFA /* SharedData */,
				BB21E9D62938ACBA00EDEDFA /* Utils */,
				BBD1B726296335C20013A5D7 /* FirebaseAnalytics */,
			);
			productName = SampleApp;
			productReference = BBADE3642902846B00E8AC86 /* App.app */;
			productType = "com.apple.product-type.application";
		};
/* End PBXNativeTarget section */

/* Begin PBXProject section */
		BBADE35C2902846B00E8AC86 /* Project object */ = {
			isa = PBXProject;
			attributes = {
				BuildIndependentTargetsInParallel = 1;
				LastSwiftUpdateCheck = 1400;
				LastUpgradeCheck = 1400;
				TargetAttributes = {
					BBADE3632902846B00E8AC86 = {
						CreatedOnToolsVersion = 14.0.1;
					};
				};
			};
			buildConfigurationList = BBADE35F2902846B00E8AC86 /* Build configuration list for PBXProject "App" */;
			compatibilityVersion = "Xcode 14.0";
			developmentRegion = en;
			hasScannedForEncodings = 0;
			knownRegions = (
				en,
				Base,
			);
			mainGroup = BBADE35B2902846B00E8AC86;
			packageReferences = (
				BBD1B725296335C10013A5D7 /* XCRemoteSwiftPackageReference "firebase-ios-sdk" */,
			);
			productRefGroup = BBADE3652902846B00E8AC86 /* Products */;
			projectDirPath = "";
			projectRoot = "";
			targets = (
				BBADE3632902846B00E8AC86 /* App */,
			);
		};
/* End PBXProject section */

/* Begin PBXResourcesBuildPhase section */
		BBADE3622902846B00E8AC86 /* Resources */ = {
			isa = PBXResourcesBuildPhase;
			buildActionMask = 2147483647;
			files = (
				BBC82052293CF95D0050BFB4 /* swiftgen.yml in Resources */,
			);
			runOnlyForDeploymentPostprocessing = 0;
		};
/* End PBXResourcesBuildPhase section */

/* Begin PBXSourcesBuildPhase section */
		BBADE3602902846B00E8AC86 /* Sources */ = {
			isa = PBXSourcesBuildPhase;
			buildActionMask = 2147483647;
			files = (
			);
			runOnlyForDeploymentPostprocessing = 0;
		};
/* End PBXSourcesBuildPhase section */

/* Begin XCBuildConfiguration section */
		BBADE3702902846C00E8AC86 /* Debug */ = {
			isa = XCBuildConfiguration;
			buildSettings = {
				ALWAYS_SEARCH_USER_PATHS = NO;
				CLANG_ANALYZER_NONNULL = YES;
				CLANG_ANALYZER_NUMBER_OBJECT_CONVERSION = YES_AGGRESSIVE;
				CLANG_CXX_LANGUAGE_STANDARD = "gnu++20";
				CLANG_ENABLE_MODULES = YES;
				CLANG_ENABLE_OBJC_ARC = YES;
				CLANG_ENABLE_OBJC_WEAK = YES;
				CLANG_WARN_BLOCK_CAPTURE_AUTORELEASING = YES;
				CLANG_WARN_BOOL_CONVERSION = YES;
				CLANG_WARN_COMMA = YES;
				CLANG_WARN_CONSTANT_CONVERSION = YES;
				CLANG_WARN_DEPRECATED_OBJC_IMPLEMENTATIONS = YES;
				CLANG_WARN_DIRECT_OBJC_ISA_USAGE = YES_ERROR;
				CLANG_WARN_DOCUMENTATION_COMMENTS = YES;
				CLANG_WARN_EMPTY_BODY = YES;
				CLANG_WARN_ENUM_CONVERSION = YES;
				CLANG_WARN_INFINITE_RECURSION = YES;
				CLANG_WARN_INT_CONVERSION = YES;
				CLANG_WARN_NON_LITERAL_NULL_CONVERSION = YES;
				CLANG_WARN_OBJC_IMPLICIT_RETAIN_SELF = YES;
				CLANG_WARN_OBJC_LITERAL_CONVERSION = YES;
				CLANG_WARN_OBJC_ROOT_CLASS = YES_ERROR;
				CLANG_WARN_QUOTED_INCLUDE_IN_FRAMEWORK_HEADER = YES;
				CLANG_WARN_RANGE_LOOP_ANALYSIS = YES;
				CLANG_WARN_STRICT_PROTOTYPES = YES;
				CLANG_WARN_SUSPICIOUS_MOVE = YES;
				CLANG_WARN_UNGUARDED_AVAILABILITY = YES_AGGRESSIVE;
				CLANG_WARN_UNREACHABLE_CODE = YES;
				CLANG_WARN__DUPLICATE_METHOD_MATCH = YES;
				COPY_PHASE_STRIP = NO;
				DEBUG_INFORMATION_FORMAT = dwarf;
				ENABLE_STRICT_OBJC_MSGSEND = YES;
				ENABLE_TESTABILITY = YES;
				GCC_C_LANGUAGE_STANDARD = gnu11;
				GCC_DYNAMIC_NO_PIC = NO;
				GCC_NO_COMMON_BLOCKS = YES;
				GCC_OPTIMIZATION_LEVEL = 0;
				GCC_PREPROCESSOR_DEFINITIONS = (
					"DEBUG=1",
					"$(inherited)",
				);
				GCC_WARN_64_TO_32_BIT_CONVERSION = YES;
				GCC_WARN_ABOUT_RETURN_TYPE = YES_ERROR;
				GCC_WARN_UNDECLARED_SELECTOR = YES;
				GCC_WARN_UNINITIALIZED_AUTOS = YES_AGGRESSIVE;
				GCC_WARN_UNUSED_FUNCTION = YES;
				GCC_WARN_UNUSED_VARIABLE = YES;
				IPHONEOS_DEPLOYMENT_TARGET = 16.0;
				MTL_ENABLE_DEBUG_INFO = INCLUDE_SOURCE;
				MTL_FAST_MATH = YES;
				ONLY_ACTIVE_ARCH = YES;
				SDKROOT = iphoneos;
				SWIFT_ACTIVE_COMPILATION_CONDITIONS = DEBUG;
				SWIFT_OPTIMIZATION_LEVEL = "-Onone";
			};
			name = Debug;
		};
		BBADE3712902846C00E8AC86 /* Release */ = {
			isa = XCBuildConfiguration;
			buildSettings = {
				ALWAYS_SEARCH_USER_PATHS = NO;
				CLANG_ANALYZER_NONNULL = YES;
				CLANG_ANALYZER_NUMBER_OBJECT_CONVERSION = YES_AGGRESSIVE;
				CLANG_CXX_LANGUAGE_STANDARD = "gnu++20";
				CLANG_ENABLE_MODULES = YES;
				CLANG_ENABLE_OBJC_ARC = YES;
				CLANG_ENABLE_OBJC_WEAK = YES;
				CLANG_WARN_BLOCK_CAPTURE_AUTORELEASING = YES;
				CLANG_WARN_BOOL_CONVERSION = YES;
				CLANG_WARN_COMMA = YES;
				CLANG_WARN_CONSTANT_CONVERSION = YES;
				CLANG_WARN_DEPRECATED_OBJC_IMPLEMENTATIONS = YES;
				CLANG_WARN_DIRECT_OBJC_ISA_USAGE = YES_ERROR;
				CLANG_WARN_DOCUMENTATION_COMMENTS = YES;
				CLANG_WARN_EMPTY_BODY = YES;
				CLANG_WARN_ENUM_CONVERSION = YES;
				CLANG_WARN_INFINITE_RECURSION = YES;
				CLANG_WARN_INT_CONVERSION = YES;
				CLANG_WARN_NON_LITERAL_NULL_CONVERSION = YES;
				CLANG_WARN_OBJC_IMPLICIT_RETAIN_SELF = YES;
				CLANG_WARN_OBJC_LITERAL_CONVERSION = YES;
				CLANG_WARN_OBJC_ROOT_CLASS = YES_ERROR;
				CLANG_WARN_QUOTED_INCLUDE_IN_FRAMEWORK_HEADER = YES;
				CLANG_WARN_RANGE_LOOP_ANALYSIS = YES;
				CLANG_WARN_STRICT_PROTOTYPES = YES;
				CLANG_WARN_SUSPICIOUS_MOVE = YES;
				CLANG_WARN_UNGUARDED_AVAILABILITY = YES_AGGRESSIVE;
				CLANG_WARN_UNREACHABLE_CODE = YES;
				CLANG_WARN__DUPLICATE_METHOD_MATCH = YES;
				COPY_PHASE_STRIP = NO;
				DEBUG_INFORMATION_FORMAT = "dwarf-with-dsym";
				ENABLE_NS_ASSERTIONS = NO;
				ENABLE_STRICT_OBJC_MSGSEND = YES;
				GCC_C_LANGUAGE_STANDARD = gnu11;
				GCC_NO_COMMON_BLOCKS = YES;
				GCC_WARN_64_TO_32_BIT_CONVERSION = YES;
				GCC_WARN_ABOUT_RETURN_TYPE = YES_ERROR;
				GCC_WARN_UNDECLARED_SELECTOR = YES;
				GCC_WARN_UNINITIALIZED_AUTOS = YES_AGGRESSIVE;
				GCC_WARN_UNUSED_FUNCTION = YES;
				GCC_WARN_UNUSED_VARIABLE = YES;
				IPHONEOS_DEPLOYMENT_TARGET = 16.0;
				MTL_ENABLE_DEBUG_INFO = NO;
				MTL_FAST_MATH = YES;
				SDKROOT = iphoneos;
				SWIFT_COMPILATION_MODE = wholemodule;
				SWIFT_OPTIMIZATION_LEVEL = "-O";
				VALIDATE_PRODUCT = YES;
			};
			name = Release;
		};
		BBADE3732902846C00E8AC86 /* Debug */ = {
			isa = XCBuildConfiguration;
			buildSettings = {
				ASSETCATALOG_COMPILER_APPICON_NAME = AppIcon;
				ASSETCATALOG_COMPILER_GLOBAL_ACCENT_COLOR_NAME = AccentColor;
				CODE_SIGN_STYLE = Automatic;
				CURRENT_PROJECT_VERSION = 1;
				DEVELOPMENT_ASSET_PATHS = "SampleApp/Preview\\ Content";
				ENABLE_PREVIEWS = YES;
				GENERATE_INFOPLIST_FILE = YES;
				INFOPLIST_FILE = SampleApp/Info.plist;
				INFOPLIST_KEY_UIApplicationSupportsIndirectInputEvents = YES;
				INFOPLIST_KEY_UILaunchScreen_Generation = YES;
				INFOPLIST_KEY_UISupportedInterfaceOrientations_iPad = "UIInterfaceOrientationPortrait UIInterfaceOrientationPortraitUpsideDown UIInterfaceOrientationLandscapeLeft UIInterfaceOrientationLandscapeRight";
				INFOPLIST_KEY_UISupportedInterfaceOrientations_iPhone = "UIInterfaceOrientationPortrait UIInterfaceOrientationLandscapeLeft UIInterfaceOrientationLandscapeRight";
				LD_RUNPATH_SEARCH_PATHS = (
					"$(inherited)",
					"@executable_path/Frameworks",
				);
				MARKETING_VERSION = 1.0;
				PRODUCT_BUNDLE_IDENTIFIER = com.skoumal.SampleApp;
				PRODUCT_NAME = "$(TARGET_NAME)";
				SWIFT_EMIT_LOC_STRINGS = YES;
				SWIFT_VERSION = 5.0;
				TARGETED_DEVICE_FAMILY = "1,2";
			};
			name = Debug;
		};
		BBADE3742902846C00E8AC86 /* Release */ = {
			isa = XCBuildConfiguration;
			buildSettings = {
				ASSETCATALOG_COMPILER_APPICON_NAME = AppIcon;
				ASSETCATALOG_COMPILER_GLOBAL_ACCENT_COLOR_NAME = AccentColor;
				CODE_SIGN_STYLE = Automatic;
				CURRENT_PROJECT_VERSION = 1;
				DEVELOPMENT_ASSET_PATHS = "SampleApp/Preview\\ Content";
				ENABLE_PREVIEWS = YES;
				GENERATE_INFOPLIST_FILE = YES;
				INFOPLIST_FILE = SampleApp/Info.plist;
				INFOPLIST_KEY_UIApplicationSupportsIndirectInputEvents = YES;
				INFOPLIST_KEY_UILaunchScreen_Generation = YES;
				INFOPLIST_KEY_UISupportedInterfaceOrientations_iPad = "UIInterfaceOrientationPortrait UIInterfaceOrientationPortraitUpsideDown UIInterfaceOrientationLandscapeLeft UIInterfaceOrientationLandscapeRight";
				INFOPLIST_KEY_UISupportedInterfaceOrientations_iPhone = "UIInterfaceOrientationPortrait UIInterfaceOrientationLandscapeLeft UIInterfaceOrientationLandscapeRight";
				LD_RUNPATH_SEARCH_PATHS = (
					"$(inherited)",
					"@executable_path/Frameworks",
				);
				MARKETING_VERSION = 1.0;
				PRODUCT_BUNDLE_IDENTIFIER = com.skoumal.SampleApp;
				PRODUCT_NAME = "$(TARGET_NAME)";
				SWIFT_EMIT_LOC_STRINGS = YES;
				SWIFT_VERSION = 5.0;
				TARGETED_DEVICE_FAMILY = "1,2";
			};
			name = Release;
		};
/* End XCBuildConfiguration section */

/* Begin XCConfigurationList section */
		BBADE35F2902846B00E8AC86 /* Build configuration list for PBXProject "App" */ = {
			isa = XCConfigurationList;
			buildConfigurations = (
				BBADE3702902846C00E8AC86 /* Debug */,
				BBADE3712902846C00E8AC86 /* Release */,
			);
			defaultConfigurationIsVisible = 0;
			defaultConfigurationName = Release;
		};
		BBADE3722902846C00E8AC86 /* Build configuration list for PBXNativeTarget "App" */ = {
			isa = XCConfigurationList;
			buildConfigurations = (
				BBADE3732902846C00E8AC86 /* Debug */,
				BBADE3742902846C00E8AC86 /* Release */,
			);
			defaultConfigurationIsVisible = 0;
			defaultConfigurationName = Release;
		};
/* End XCConfigurationList section */

/* Begin XCRemoteSwiftPackageReference section */
		BBD1B725296335C10013A5D7 /* XCRemoteSwiftPackageReference "firebase-ios-sdk" */ = {
			isa = XCRemoteSwiftPackageReference;
			repositoryURL = "https://github.com/firebase/firebase-ios-sdk.git";
			requirement = {
				branch = master;
				kind = branch;
			};
		};
/* End XCRemoteSwiftPackageReference section */

/* Begin XCSwiftPackageProductDependency section */
		BB21E9D42938ACB600EDEDFA /* SharedData */ = {
			isa = XCSwiftPackageProductDependency;
			productName = SharedData;
		};
		BB21E9D62938ACBA00EDEDFA /* Utils */ = {
			isa = XCSwiftPackageProductDependency;
			productName = Utils;
		};
		BB228326290843140065C980 /* FeatureExample */ = {
			isa = XCSwiftPackageProductDependency;
			productName = FeatureExample;
		};
		BB947E042907E16500A57B65 /* FeatureOnboarding */ = {
			isa = XCSwiftPackageProductDependency;
			productName = FeatureOnboarding;
		};
		BB947E082907EF5200A57B65 /* FeatureLogin */ = {
			isa = XCSwiftPackageProductDependency;
			productName = FeatureLogin;
		};
		BB9AC8A0292F6CB9006F8CB6 /* SharedDomain */ = {
			isa = XCSwiftPackageProductDependency;
			productName = SharedDomain;
		};
		BB9AC8A2292F6CB9006F8CB6 /* SharedUI */ = {
			isa = XCSwiftPackageProductDependency;
			productName = SharedUI;
		};
		BBC5954D2908235300BFB955 /* FeatureUserProfile */ = {
			isa = XCSwiftPackageProductDependency;
			productName = FeatureUserProfile;
		};
		BBD1B726296335C20013A5D7 /* FirebaseAnalytics */ = {
			isa = XCSwiftPackageProductDependency;
			package = BBD1B725296335C10013A5D7 /* XCRemoteSwiftPackageReference "firebase-ios-sdk" */;
			productName = FirebaseAnalytics;
		};
/* End XCSwiftPackageProductDependency section */
	};
	rootObject = BBADE35C2902846B00E8AC86 /* Project object */;
}
